
Microsoft Visual Studio Solution File, Format Version 12.00
# Visual Studio Version 16
VisualStudioVersion = 16.0.30804.86
MinimumVisualStudioVersion = 10.0.40219.1
Project("{FAE04EC0-301F-11D3-BF4B-00C04F79EFBC}") = "AngularCore3.1Weather", "AngularCore3.1Weather\AngularCore3.1Weather.csproj", "{A5A13217-6FF3-4C74-8549-5E1A464C08F9}"
EndProject
Global
	GlobalSection(SolutionConfigurationPlatforms) = preSolution
		Debug|Any CPU = Debug|Any CPU
		Release|Any CPU = Release|Any CPU
	EndGlobalSection
	GlobalSection(ProjectConfigurationPlatforms) = postSolution
		{A5A13217-6FF3-4C74-8549-5E1A464C08F9}.Debug|Any CPU.ActiveCfg = Debug|Any CPU
		{A5A13217-6FF3-4C74-8549-5E1A464C08F9}.Debug|Any CPU.Build.0 = Debug|Any CPU
		{A5A13217-6FF3-4C74-8549-5E1A464C08F9}.Release|Any CPU.ActiveCfg = Release|Any CPU
		{A5A13217-6FF3-4C74-8549-5E1A464C08F9}.Release|Any CPU.Build.0 = Release|Any CPU
	EndGlobalSection
	GlobalSection(SolutionProperties) = preSolution
		HideSolutionNode = FALSE
	EndGlobalSection
	GlobalSection(ExtensibilityGlobals) = postSolution
		SolutionGuid = {8282B94D-C5FE-43DE-8199-24C509DEDA39}
	EndGlobalSection
EndGlobal
